
Microsoft Visual Studio Solution File, Format Version 12.00
# Visual Studio Version 17
VisualStudioVersion = 17.10.35027.167
MinimumVisualStudioVersion = 10.0.40219.1
Project("{2150E333-8FDC-42A3-9474-1A3956D46DE8}") = "src", "src", "{C82B0968-0984-4DD7-BBB5-73D9B82E2A48}"
EndProject
Project("{2150E333-8FDC-42A3-9474-1A3956D46DE8}") = "test", "test", "{2C2251B4-FC75-4BFE-B151-C2D7E00E2EFD}"
EndProject
Project("{2150E333-8FDC-42A3-9474-1A3956D46DE8}") = "APIs", "APIs", "{3F05AC70-0113-4049-87E7-0FB2CBAC5B2D}"
EndProject
Project("{2150E333-8FDC-42A3-9474-1A3956D46DE8}") = "Core", "Core", "{D8B96B7E-9790-4EEC-9E32-D7684F767A00}"
EndProject
Project("{2150E333-8FDC-42A3-9474-1A3956D46DE8}") = "Infrastructure", "Infrastructure", "{87EE67C1-4684-4819-91EE-2D41AC9787E2}"
EndProject
Project("{2150E333-8FDC-42A3-9474-1A3956D46DE8}") = "UI", "UI", "{65288124-9179-4804-BC11-9137793FA331}"
EndProject
Project("{2150E333-8FDC-42A3-9474-1A3956D46DE8}") = "Client", "Client", "{0BCC0737-50B5-4787-B8E0-188FB215A7A1}"
EndProject
Project("{2150E333-8FDC-42A3-9474-1A3956D46DE8}") = "Dashboard", "Dashboard", "{57F644E7-E86D-4E03-AEE9-AD0FC5060C3F}"
EndProject
Project("{9A19103F-16F7-4668-BE54-9A1E7A4F7556}") = "LinkDev.Talabat.APIs", "LinkDev.Talabat.APIs\LinkDev.Talabat.APIs.csproj", "{3A92CE3D-9696-4725-AA2E-76EAB0149676}"
EndProject
Project("{9A19103F-16F7-4668-BE54-9A1E7A4F7556}") = "LinkDev.Talabat.Core.Domain", "LinkDev.Talabat.Core.Domain\LinkDev.Talabat.Core.Domain.csproj", "{510758B6-3946-4072-96E4-91E2E48691AA}"
EndProject
Project("{9A19103F-16F7-4668-BE54-9A1E7A4F7556}") = "LinkDev.Talabat.Core.Applicarion", "LinkDev.Talabat.Core.Applicarion\LinkDev.Talabat.Core.Applicarion.csproj", "{44C70A82-369A-45C9-B642-EFBF8E6305DC}"
EndProject
Project("{9A19103F-16F7-4668-BE54-9A1E7A4F7556}") = "LinkDev.Talabat.Core.Application.Abstraction", "LinkDev.Talabat.Core.Application.Abstraction\LinkDev.Talabat.Core.Application.Abstraction.csproj", "{D1963E32-6241-4D8D-9DDD-AABE459C6DDD}"
EndProject
Project("{9A19103F-16F7-4668-BE54-9A1E7A4F7556}") = "LinkDev.Talabat.Infrastructure", "LinkDev.Talabat.Infrastructure\LinkDev.Talabat.Infrastructure.csproj", "{1F1B1BA0-415C-480A-BD6B-1B4B2210DAD2}"
EndProject
Project("{9A19103F-16F7-4668-BE54-9A1E7A4F7556}") = "LinkDev.Talabat.Infrastructure.Persistence", "LinkDev.Talabat.Infrastructure.Persistence\LinkDev.Talabat.Infrastructure.Persistence.csproj", "{4FE2A248-8891-414D-8512-69FC17858E13}"
EndProject
Project("{9A19103F-16F7-4668-BE54-9A1E7A4F7556}") = "LinkDev.Talabat.Dashboard", "LinkDev.Talabat.Dashboard\LinkDev.Talabat.Dashboard.csproj", "{88C7BAC6-E3BF-4920-A020-BA78ADC0E163}"
EndProject
Project("{9A19103F-16F7-4668-BE54-9A1E7A4F7556}") = "LinkDev.Talabat.APIs.Controllers", "LinkDev.Talabat.APIs.Controllers\LinkDev.Talabat.APIs.Controllers.csproj", "{97A71BCA-08E6-4FE1-A9C8-FDAD689B411E}"
EndProject
Global
	GlobalSection(SolutionConfigurationPlatforms) = preSolution
		Debug|Any CPU = Debug|Any CPU
		Release|Any CPU = Release|Any CPU
	EndGlobalSection
	GlobalSection(ProjectConfigurationPlatforms) = postSolution
		{3A92CE3D-9696-4725-AA2E-76EAB0149676}.Debug|Any CPU.ActiveCfg = Debug|Any CPU
		{3A92CE3D-9696-4725-AA2E-76EAB0149676}.Debug|Any CPU.Build.0 = Debug|Any CPU
		{3A92CE3D-9696-4725-AA2E-76EAB0149676}.Release|Any CPU.ActiveCfg = Release|Any CPU
		{3A92CE3D-9696-4725-AA2E-76EAB0149676}.Release|Any CPU.Build.0 = Release|Any CPU
		{510758B6-3946-4072-96E4-91E2E48691AA}.Debug|Any CPU.ActiveCfg = Debug|Any CPU
		{510758B6-3946-4072-96E4-91E2E48691AA}.Debug|Any CPU.Build.0 = Debug|Any CPU
		{510758B6-3946-4072-96E4-91E2E48691AA}.Release|Any CPU.ActiveCfg = Release|Any CPU
		{510758B6-3946-4072-96E4-91E2E48691AA}.Release|Any CPU.Build.0 = Release|Any CPU
		{44C70A82-369A-45C9-B642-EFBF8E6305DC}.Debug|Any CPU.ActiveCfg = Debug|Any CPU
		{44C70A82-369A-45C9-B642-EFBF8E6305DC}.Debug|Any CPU.Build.0 = Debug|Any CPU
		{44C70A82-369A-45C9-B642-EFBF8E6305DC}.Release|Any CPU.ActiveCfg = Release|Any CPU
		{44C70A82-369A-45C9-B642-EFBF8E6305DC}.Release|Any CPU.Build.0 = Release|Any CPU
		{D1963E32-6241-4D8D-9DDD-AABE459C6DDD}.Debug|Any CPU.ActiveCfg = Debug|Any CPU
		{D1963E32-6241-4D8D-9DDD-AABE459C6DDD}.Debug|Any CPU.Build.0 = Debug|Any CPU
		{D1963E32-6241-4D8D-9DDD-AABE459C6DDD}.Release|Any CPU.ActiveCfg = Release|Any CPU
		{D1963E32-6241-4D8D-9DDD-AABE459C6DDD}.Release|Any CPU.Build.0 = Release|Any CPU
		{1F1B1BA0-415C-480A-BD6B-1B4B2210DAD2}.Debug|Any CPU.ActiveCfg = Debug|Any CPU
		{1F1B1BA0-415C-480A-BD6B-1B4B2210DAD2}.Debug|Any CPU.Build.0 = Debug|Any CPU
		{1F1B1BA0-415C-480A-BD6B-1B4B2210DAD2}.Release|Any CPU.ActiveCfg = Release|Any CPU
		{1F1B1BA0-415C-480A-BD6B-1B4B2210DAD2}.Release|Any CPU.Build.0 = Release|Any CPU
		{4FE2A248-8891-414D-8512-69FC17858E13}.Debug|Any CPU.ActiveCfg = Debug|Any CPU
		{4FE2A248-8891-414D-8512-69FC17858E13}.Debug|Any CPU.Build.0 = Debug|Any CPU
		{4FE2A248-8891-414D-8512-69FC17858E13}.Release|Any CPU.ActiveCfg = Release|Any CPU
		{4FE2A248-8891-414D-8512-69FC17858E13}.Release|Any CPU.Build.0 = Release|Any CPU
		{88C7BAC6-E3BF-4920-A020-BA78ADC0E163}.Debug|Any CPU.ActiveCfg = Debug|Any CPU
		{88C7BAC6-E3BF-4920-A020-BA78ADC0E163}.Debug|Any CPU.Build.0 = Debug|Any CPU
		{88C7BAC6-E3BF-4920-A020-BA78ADC0E163}.Release|Any CPU.ActiveCfg = Release|Any CPU
		{88C7BAC6-E3BF-4920-A020-BA78ADC0E163}.Release|Any CPU.Build.0 = Release|Any CPU
		{97A71BCA-08E6-4FE1-A9C8-FDAD689B411E}.Debug|Any CPU.ActiveCfg = Debug|Any CPU
		{97A71BCA-08E6-4FE1-A9C8-FDAD689B411E}.Debug|Any CPU.Build.0 = Debug|Any CPU
		{97A71BCA-08E6-4FE1-A9C8-FDAD689B411E}.Release|Any CPU.ActiveCfg = Release|Any CPU
		{97A71BCA-08E6-4FE1-A9C8-FDAD689B411E}.Release|Any CPU.Build.0 = Release|Any CPU
	EndGlobalSection
	GlobalSection(SolutionProperties) = preSolution
		HideSolutionNode = FALSE
	EndGlobalSection
	GlobalSection(NestedProjects) = preSolution
		{3F05AC70-0113-4049-87E7-0FB2CBAC5B2D} = {C82B0968-0984-4DD7-BBB5-73D9B82E2A48}
		{D8B96B7E-9790-4EEC-9E32-D7684F767A00} = {C82B0968-0984-4DD7-BBB5-73D9B82E2A48}
		{87EE67C1-4684-4819-91EE-2D41AC9787E2} = {C82B0968-0984-4DD7-BBB5-73D9B82E2A48}
		{65288124-9179-4804-BC11-9137793FA331} = {C82B0968-0984-4DD7-BBB5-73D9B82E2A48}
		{0BCC0737-50B5-4787-B8E0-188FB215A7A1} = {65288124-9179-4804-BC11-9137793FA331}
		{57F644E7-E86D-4E03-AEE9-AD0FC5060C3F} = {65288124-9179-4804-BC11-9137793FA331}
		{3A92CE3D-9696-4725-AA2E-76EAB0149676} = {3F05AC70-0113-4049-87E7-0FB2CBAC5B2D}
		{510758B6-3946-4072-96E4-91E2E48691AA} = {87EE67C1-4684-4819-91EE-2D41AC9787E2}
		{44C70A82-369A-45C9-B642-EFBF8E6305DC} = {D8B96B7E-9790-4EEC-9E32-D7684F767A00}
		{D1963E32-6241-4D8D-9DDD-AABE459C6DDD} = {D8B96B7E-9790-4EEC-9E32-D7684F767A00}
		{1F1B1BA0-415C-480A-BD6B-1B4B2210DAD2} = {87EE67C1-4684-4819-91EE-2D41AC9787E2}
		{4FE2A248-8891-414D-8512-69FC17858E13} = {87EE67C1-4684-4819-91EE-2D41AC9787E2}
		{88C7BAC6-E3BF-4920-A020-BA78ADC0E163} = {57F644E7-E86D-4E03-AEE9-AD0FC5060C3F}
		{97A71BCA-08E6-4FE1-A9C8-FDAD689B411E} = {3F05AC70-0113-4049-87E7-0FB2CBAC5B2D}
	EndGlobalSection
	GlobalSection(ExtensibilityGlobals) = postSolution
		SolutionGuid = {9EA5FB1F-87A8-41E5-8F81-B25CA3A821F0}
	EndGlobalSection
EndGlobal
